
Microsoft Visual Studio Solution File, Format Version 12.00
# Visual Studio Version 16
VisualStudioVersion = 16.0.31105.61
MinimumVisualStudioVersion = 10.0.40219.1
Project("{FAE04EC0-301F-11D3-BF4B-00C04F79EFBC}") = "PingPong", "PingPong.csproj", "{45AD7415-E893-4ED2-BFDA-00E7F32EBF36}"
EndProject
Global
	GlobalSection(SolutionConfigurationPlatforms) = preSolution
		Debug|Any CPU = Debug|Any CPU
		Release|Any CPU = Release|Any CPU
	EndGlobalSection
	GlobalSection(ProjectConfigurationPlatforms) = postSolution
		{45AD7415-E893-4ED2-BFDA-00E7F32EBF36}.Debug|Any CPU.ActiveCfg = Debug|Any CPU
		{45AD7415-E893-4ED2-BFDA-00E7F32EBF36}.Debug|Any CPU.Build.0 = Debug|Any CPU
		{45AD7415-E893-4ED2-BFDA-00E7F32EBF36}.Release|Any CPU.ActiveCfg = Release|Any CPU
		{45AD7415-E893-4ED2-BFDA-00E7F32EBF36}.Release|Any CPU.Build.0 = Release|Any CPU
	EndGlobalSection
	GlobalSection(SolutionProperties) = preSolution
		HideSolutionNode = FALSE
	EndGlobalSection
	GlobalSection(ExtensibilityGlobals) = postSolution
		SolutionGuid = {8B2362B9-7AE7-47D9-83A9-6CF926ED4867}
	EndGlobalSection
EndGlobal
